PODS:
  - AWSCore (2.2.3)
  - AWSS3 (2.2.3):
    - AWSCore (= 2.2.3)
  - BugReportKit (0.1.0):
    - BugReportKit/Core (= 0.1.0)
  - BugReportKit/Core (0.1.0)
  - BugReportKit/EmailReporter (0.1.0):
    - BugReportKit/Core
    - mailcore2-ios
  - BugReportKit/GithubReporter (0.1.0):
    - BugReportKit/Core
    - BugReportKit/S3ImageUploader
  - BugReportKit/GitlabReporter (0.1.0):
    - BugReportKit/Core
    - BugReportKit/S3ImageUploader
  - BugReportKit/JIRAReporter (0.1.0):
    - BugReportKit/Core
    - BugReportKit/S3ImageUploader
  - BugReportKit/S3ImageUploader (0.1.0):
    - AWSS3 (= 2.2.3)
    - BugReportKit/Core
  - mailcore2-ios (0.5.1)

DEPENDENCIES:
  - BugReportKit (from `../`)
  - BugReportKit/EmailReporter (from `../`)
  - BugReportKit/GithubReporter (from `../`)
  - BugReportKit/GitlabReporter (from `../`)
  - BugReportKit/JIRAReporter (from `../`)

EXTERNAL SOURCES:
  BugReportKit:
    :path: ../

SPEC CHECKSUMS:
  AWSCore: 30510dc1bf3e4cc975868ed4cc9ae16ba402790b
  AWSS3: 9c03206264668b69ca94e4f05caa8926a4b0660f
  BugReportKit: eac931e306900a37413307df556e8f3e1fa20d0e
  mailcore2-ios: f1c1cd3c91d8963293b6552ad11bf3c7cf8ef8a9

COCOAPODS: 0.35.0
